
Microsoft Visual Studio Solution File, Format Version 12.00
# Visual Studio 15
VisualStudioVersion = 15.0.28010.2041
MinimumVisualStudioVersion = 10.0.40219.1
Project("{FAE04EC0-301F-11D3-BF4B-00C04F79EFBC}") = "BeeManagment", "BeeManagment\BeeManagment.csproj", "{9FF564B4-CC07-4B52-AEAC-409E50A7A9CE}"
EndProject
Global
	GlobalSection(SolutionConfigurationPlatforms) = preSolution
		Debug|Any CPU = Debug|Any CPU
		Release|Any CPU = Release|Any CPU
	EndGlobalSection
	GlobalSection(ProjectConfigurationPlatforms) = postSolution
		{9FF564B4-CC07-4B52-AEAC-409E50A7A9CE}.Debug|Any CPU.ActiveCfg = Debug|Any CPU
		{9FF564B4-CC07-4B52-AEAC-409E50A7A9CE}.Debug|Any CPU.Build.0 = Debug|Any CPU
		{9FF564B4-CC07-4B52-AEAC-409E50A7A9CE}.Release|Any CPU.ActiveCfg = Release|Any CPU
		{9FF564B4-CC07-4B52-AEAC-409E50A7A9CE}.Release|Any CPU.Build.0 = Release|Any CPU
	EndGlobalSection
	GlobalSection(SolutionProperties) = preSolution
		HideSolutionNode = FALSE
	EndGlobalSection
	GlobalSection(ExtensibilityGlobals) = postSolution
		SolutionGuid = {35A8C763-6091-42CE-957A-23FA5074E0A4}
	EndGlobalSection
EndGlobal
